
Microsoft Visual Studio Solution File, Format Version 12.00
# Visual Studio Version 16
VisualStudioVersion = 16.0.29519.87
MinimumVisualStudioVersion = 10.0.40219.1
Project("{8BC9CEB8-8B4A-11D0-8D11-00A0C91BC942}") = "lec0326-snail", "ConsoleApplication1\ConsoleApplication1.vcxproj", "{643B4025-7672-4B93-AA8A-C204AB01DE36}"
EndProject
Project("{8BC9CEB8-8B4A-11D0-8D11-00A0C91BC942}") = "project_tetris", "project_tetris\project_tetris.vcxproj", "{3EE17726-8F4F-4A34-940E-A0C4D4867603}"
EndProject
Project("{8BC9CEB8-8B4A-11D0-8D11-00A0C91BC942}") = "cpp_basic", "cpp_basic\cpp_basic.vcxproj", "{05317D02-EFFA-454A-8945-2DDC155FDD3B}"
EndProject
Project("{8BC9CEB8-8B4A-11D0-8D11-00A0C91BC942}") = "socket_server", "socket_server\socket_server.vcxproj", "{FAF04C1C-9856-4F13-A4EC-413FF9D85E79}"
EndProject
Project("{8BC9CEB8-8B4A-11D0-8D11-00A0C91BC942}") = "socker_client", "socker_client\socker_client.vcxproj", "{D509F04D-DD1E-41C6-9C4C-31D954618F82}"
EndProject
Project("{8BC9CEB8-8B4A-11D0-8D11-00A0C91BC942}") = "multiTetris_client", "multiTetris_client\multiTetris_client.vcxproj", "{53227130-F5C5-4E0C-887B-035D47B84254}"
EndProject
Project("{FAE04EC0-301F-11D3-BF4B-00C04F79EFBC}") = "calculator", "calculator\calculator.csproj", "{0D345D2E-66A5-448A-8CAE-1C08C37852D8}"
EndProject
Project("{FAE04EC0-301F-11D3-BF4B-00C04F79EFBC}") = "RandomLunch", "RandomLunch\RandomLunch.csproj", "{518C10D8-BE2D-4FF3-8B93-E7AC3E16712A}"
EndProject
Global
	GlobalSection(SolutionConfigurationPlatforms) = preSolution
		Debug|Any CPU = Debug|Any CPU
		Debug|x64 = Debug|x64
		Debug|x86 = Debug|x86
		Release|Any CPU = Release|Any CPU
		Release|x64 = Release|x64
		Release|x86 = Release|x86
	EndGlobalSection
	GlobalSection(ProjectConfigurationPlatforms) = postSolution
		{643B4025-7672-4B93-AA8A-C204AB01DE36}.Debug|Any CPU.ActiveCfg = Debug|Win32
		{643B4025-7672-4B93-AA8A-C204AB01DE36}.Debug|x64.ActiveCfg = Debug|x64
		{643B4025-7672-4B93-AA8A-C204AB01DE36}.Debug|x64.Build.0 = Debug|x64
		{643B4025-7672-4B93-AA8A-C204AB01DE36}.Debug|x86.ActiveCfg = Debug|Win32
		{643B4025-7672-4B93-AA8A-C204AB01DE36}.Debug|x86.Build.0 = Debug|Win32
		{643B4025-7672-4B93-AA8A-C204AB01DE36}.Release|Any CPU.ActiveCfg = Release|Win32
		{643B4025-7672-4B93-AA8A-C204AB01DE36}.Release|x64.ActiveCfg = Release|x64
		{643B4025-7672-4B93-AA8A-C204AB01DE36}.Release|x64.Build.0 = Release|x64
		{643B4025-7672-4B93-AA8A-C204AB01DE36}.Release|x86.ActiveCfg = Release|Win32
		{643B4025-7672-4B93-AA8A-C204AB01DE36}.Release|x86.Build.0 = Release|Win32
		{3EE17726-8F4F-4A34-940E-A0C4D4867603}.Debug|Any CPU.ActiveCfg = Debug|Win32
		{3EE17726-8F4F-4A34-940E-A0C4D4867603}.Debug|x64.ActiveCfg = Debug|x64
		{3EE17726-8F4F-4A34-940E-A0C4D4867603}.Debug|x64.Build.0 = Debug|x64
		{3EE17726-8F4F-4A34-940E-A0C4D4867603}.Debug|x86.ActiveCfg = Debug|Win32
		{3EE17726-8F4F-4A34-940E-A0C4D4867603}.Debug|x86.Build.0 = Debug|Win32
		{3EE17726-8F4F-4A34-940E-A0C4D4867603}.Release|Any CPU.ActiveCfg = Release|Win32
		{3EE17726-8F4F-4A34-940E-A0C4D4867603}.Release|x64.ActiveCfg = Release|x64
		{3EE17726-8F4F-4A34-940E-A0C4D4867603}.Release|x64.Build.0 = Release|x64
		{3EE17726-8F4F-4A34-940E-A0C4D4867603}.Release|x86.ActiveCfg = Release|Win32
		{3EE17726-8F4F-4A34-940E-A0C4D4867603}.Release|x86.Build.0 = Release|Win32
		{05317D02-EFFA-454A-8945-2DDC155FDD3B}.Debug|Any CPU.ActiveCfg = Debug|Win32
		{05317D02-EFFA-454A-8945-2DDC155FDD3B}.Debug|x64.ActiveCfg = Debug|x64
		{05317D02-EFFA-454A-8945-2DDC155FDD3B}.Debug|x64.Build.0 = Debug|x64
		{05317D02-EFFA-454A-8945-2DDC155FDD3B}.Debug|x86.ActiveCfg = Debug|Win32
		{05317D02-EFFA-454A-8945-2DDC155FDD3B}.Debug|x86.Build.0 = Debug|Win32
		{05317D02-EFFA-454A-8945-2DDC155FDD3B}.Release|Any CPU.ActiveCfg = Release|Win32
		{05317D02-EFFA-454A-8945-2DDC155FDD3B}.Release|x64.ActiveCfg = Release|x64
		{05317D02-EFFA-454A-8945-2DDC155FDD3B}.Release|x64.Build.0 = Release|x64
		{05317D02-EFFA-454A-8945-2DDC155FDD3B}.Release|x86.ActiveCfg = Release|Win32
		{05317D02-EFFA-454A-8945-2DDC155FDD3B}.Release|x86.Build.0 = Release|Win32
		{FAF04C1C-9856-4F13-A4EC-413FF9D85E79}.Debug|Any CPU.ActiveCfg = Debug|Win32
		{FAF04C1C-9856-4F13-A4EC-413FF9D85E79}.Debug|x64.ActiveCfg = Debug|x64
		{FAF04C1C-9856-4F13-A4EC-413FF9D85E79}.Debug|x64.Build.0 = Debug|x64
		{FAF04C1C-9856-4F13-A4EC-413FF9D85E79}.Debug|x86.ActiveCfg = Debug|Win32
		{FAF04C1C-9856-4F13-A4EC-413FF9D85E79}.Debug|x86.Build.0 = Debug|Win32
		{FAF04C1C-9856-4F13-A4EC-413FF9D85E79}.Release|Any CPU.ActiveCfg = Release|Win32
		{FAF04C1C-9856-4F13-A4EC-413FF9D85E79}.Release|x64.ActiveCfg = Release|x64
		{FAF04C1C-9856-4F13-A4EC-413FF9D85E79}.Release|x64.Build.0 = Release|x64
		{FAF04C1C-9856-4F13-A4EC-413FF9D85E79}.Release|x86.ActiveCfg = Release|Win32
		{FAF04C1C-9856-4F13-A4EC-413FF9D85E79}.Release|x86.Build.0 = Release|Win32
		{D509F04D-DD1E-41C6-9C4C-31D954618F82}.Debug|Any CPU.ActiveCfg = Debug|Win32
		{D509F04D-DD1E-41C6-9C4C-31D954618F82}.Debug|x64.ActiveCfg = Debug|x64
		{D509F04D-DD1E-41C6-9C4C-31D954618F82}.Debug|x64.Build.0 = Debug|x64
		{D509F04D-DD1E-41C6-9C4C-31D954618F82}.Debug|x86.ActiveCfg = Debug|Win32
		{D509F04D-DD1E-41C6-9C4C-31D954618F82}.Debug|x86.Build.0 = Debug|Win32
		{D509F04D-DD1E-41C6-9C4C-31D954618F82}.Release|Any CPU.ActiveCfg = Release|Win32
		{D509F04D-DD1E-41C6-9C4C-31D954618F82}.Release|x64.ActiveCfg = Release|x64
		{D509F04D-DD1E-41C6-9C4C-31D954618F82}.Release|x64.Build.0 = Release|x64
		{D509F04D-DD1E-41C6-9C4C-31D954618F82}.Release|x86.ActiveCfg = Release|Win32
		{D509F04D-DD1E-41C6-9C4C-31D954618F82}.Release|x86.Build.0 = Release|Win32
		{53227130-F5C5-4E0C-887B-035D47B84254}.Debug|Any CPU.ActiveCfg = Debug|Win32
		{53227130-F5C5-4E0C-887B-035D47B84254}.Debug|x64.ActiveCfg = Debug|x64
		{53227130-F5C5-4E0C-887B-035D47B84254}.Debug|x64.Build.0 = Debug|x64
		{53227130-F5C5-4E0C-887B-035D47B84254}.Debug|x86.ActiveCfg = Debug|Win32
		{53227130-F5C5-4E0C-887B-035D47B84254}.Debug|x86.Build.0 = Debug|Win32
		{53227130-F5C5-4E0C-887B-035D47B84254}.Release|Any CPU.ActiveCfg = Release|Win32
		{53227130-F5C5-4E0C-887B-035D47B84254}.Release|x64.ActiveCfg = Release|x64
		{53227130-F5C5-4E0C-887B-035D47B84254}.Release|x64.Build.0 = Release|x64
		{53227130-F5C5-4E0C-887B-035D47B84254}.Release|x86.ActiveCfg = Release|Win32
		{53227130-F5C5-4E0C-887B-035D47B84254}.Release|x86.Build.0 = Release|Win32
		{0D345D2E-66A5-448A-8CAE-1C08C37852D8}.Debug|Any CPU.ActiveCfg = Debug|Any CPU
		{0D345D2E-66A5-448A-8CAE-1C08C37852D8}.Debug|Any CPU.Build.0 = Debug|Any CPU
		{0D345D2E-66A5-448A-8CAE-1C08C37852D8}.Debug|x64.ActiveCfg = Debug|Any CPU
		{0D345D2E-66A5-448A-8CAE-1C08C37852D8}.Debug|x64.Build.0 = Debug|Any CPU
		{0D345D2E-66A5-448A-8CAE-1C08C37852D8}.Debug|x86.ActiveCfg = Debug|Any CPU
		{0D345D2E-66A5-448A-8CAE-1C08C37852D8}.Debug|x86.Build.0 = Debug|Any CPU
		{0D345D2E-66A5-448A-8CAE-1C08C37852D8}.Release|Any CPU.ActiveCfg = Release|Any CPU
		{0D345D2E-66A5-448A-8CAE-1C08C37852D8}.Release|Any CPU.Build.0 = Release|Any CPU
		{0D345D2E-66A5-448A-8CAE-1C08C37852D8}.Release|x64.ActiveCfg = Release|Any CPU
		{0D345D2E-66A5-448A-8CAE-1C08C37852D8}.Release|x64.Build.0 = Release|Any CPU
		{0D345D2E-66A5-448A-8CAE-1C08C37852D8}.Release|x86.ActiveCfg = Release|Any CPU
		{0D345D2E-66A5-448A-8CAE-1C08C37852D8}.Release|x86.Build.0 = Release|Any CPU
		{518C10D8-BE2D-4FF3-8B93-E7AC3E16712A}.Debug|Any CPU.ActiveCfg = Debug|Any CPU
		{518C10D8-BE2D-4FF3-8B93-E7AC3E16712A}.Debug|Any CPU.Build.0 = Debug|Any CPU
		{518C10D8-BE2D-4FF3-8B93-E7AC3E16712A}.Debug|x64.ActiveCfg = Debug|Any CPU
		{518C10D8-BE2D-4FF3-8B93-E7AC3E16712A}.Debug|x64.Build.0 = Debug|Any CPU
		{518C10D8-BE2D-4FF3-8B93-E7AC3E16712A}.Debug|x86.ActiveCfg = Debug|Any CPU
		{518C10D8-BE2D-4FF3-8B93-E7AC3E16712A}.Debug|x86.Build.0 = Debug|Any CPU
		{518C10D8-BE2D-4FF3-8B93-E7AC3E16712A}.Release|Any CPU.ActiveCfg = Release|Any CPU
		{518C10D8-BE2D-4FF3-8B93-E7AC3E16712A}.Release|Any CPU.Build.0 = Release|Any CPU
		{518C10D8-BE2D-4FF3-8B93-E7AC3E16712A}.Release|x64.ActiveCfg = Release|Any CPU
		{518C10D8-BE2D-4FF3-8B93-E7AC3E16712A}.Release|x64.Build.0 = Release|Any CPU
		{518C10D8-BE2D-4FF3-8B93-E7AC3E16712A}.Release|x86.ActiveCfg = Release|Any CPU
		{518C10D8-BE2D-4FF3-8B93-E7AC3E16712A}.Release|x86.Build.0 = Release|Any CPU
	EndGlobalSection
	GlobalSection(SolutionProperties) = preSolution
		HideSolutionNode = FALSE
	EndGlobalSection
	GlobalSection(ExtensibilityGlobals) = postSolution
		SolutionGuid = {B8D8725F-94EF-46FE-8094-09B3B33AB997}
	EndGlobalSection
EndGlobal
